<?xml version="1.0" encoding="utf-8"?>
<Project ToolsVersion="4.0" xmlns="http://schemas.microsoft.com/developer/msbuild/2003">
  <ItemGroup>
    <Filter Include="source">
      <UniqueIdentifier>{5292a965-e5bf-48e1-a1ef-7e19bd063f89}</UniqueIdentifier>
      <Extensions>cpp;c;cxx;rc;def;r;odl;idl;hpj;bat</Extensions>
    </Filter>
  </ItemGroup>
  <ItemGroup>
    <ClCompile Include="source\BaseConverter.cpp">
      <Filter>source</Filter>
    </ClCompile>
    <ClCompile Include="source\DefinesAndIncludes.cpp">
      <Filter>source</Filter>
    </ClCompile>
    <ClCompile Include="source\Looper.cpp">
      <Filter>source</Filter>
    </ClCompile>
    <ClCompile Include="source\main.cpp">
      <Filter>source</Filter>
    </ClCompile>
    <ClCompile Include="source\VecUInt.cpp">
      <Filter>source</Filter>
    </ClCompile>
    <ClCompile Include="source\BigInteger.cpp">
      <Filter>source</Filter>
    </ClCompile>
  </ItemGroup>
  <ItemGroup>
    <ClInclude Include="source\BaseConverter.h">
      <Filter>source</Filter>
    </ClInclude>
    <ClInclude Include="source\DefinesAndIncludes.h">
      <Filter>source</Filter>
    </ClInclude>
    <ClInclude Include="source\Looper.h">
      <Filter>source</Filter>
    </ClInclude>
    <ClInclude Include="source\VecUInt.h">
      <Filter>source</Filter>
    </ClInclude>
    <ClInclude Include="source\BigInteger.h">
      <Filter>source</Filter>
    </ClInclude>
  </ItemGroup>
</Project>