<?xml version="1.0" encoding="utf-8"?>
<Project ToolsVersion="4.0" xmlns="http://schemas.microsoft.com/developer/msbuild/2003">
  <ItemGroup>
    <Filter Include="Source Files">
      <UniqueIdentifier>{1d9d1ec8-dd96-46e4-9b29-6a4fbd3bacd9}</UniqueIdentifier>
      <Extensions>cpp;c;cxx;rc;def;r;odl;idl;hpj;bat</Extensions>
    </Filter>
    <Filter Include="Source Files\libpng">
      <UniqueIdentifier>{e576713b-4405-4107-afef-a3c4af8ef076}</UniqueIdentifier>
    </Filter>
    <Filter Include="Source Files\zlib">
      <UniqueIdentifier>{1c9d65cb-e07a-4c69-b4e1-96dc07605d5d}</UniqueIdentifier>
    </Filter>
  </ItemGroup>
  <ItemGroup>
    <ClCompile Include="source\Main.cpp">
      <Filter>Source Files</Filter>
    </ClCompile>
    <ClCompile Include="source\libpng\png.c">
      <Filter>Source Files\libpng</Filter>
    </ClCompile>
    <ClCompile Include="source\libpng\pngerror.c">
      <Filter>Source Files\libpng</Filter>
    </ClCompile>
    <ClCompile Include="source\libpng\pngget.c">
      <Filter>Source Files\libpng</Filter>
    </ClCompile>
    <ClCompile Include="source\libpng\pngmem.c">
      <Filter>Source Files\libpng</Filter>
    </ClCompile>
    <ClCompile Include="source\libpng\pngpread.c">
      <Filter>Source Files\libpng</Filter>
    </ClCompile>
    <ClCompile Include="source\libpng\pngread.c">
      <Filter>Source Files\libpng</Filter>
    </ClCompile>
    <ClCompile Include="source\libpng\pngrio.c">
      <Filter>Source Files\libpng</Filter>
    </ClCompile>
    <ClCompile Include="source\libpng\pngrtran.c">
      <Filter>Source Files\libpng</Filter>
    </ClCompile>
    <ClCompile Include="source\libpng\pngrutil.c">
      <Filter>Source Files\libpng</Filter>
    </ClCompile>
    <ClCompile Include="source\libpng\pngset.c">
      <Filter>Source Files\libpng</Filter>
    </ClCompile>
    <ClCompile Include="source\libpng\pngtest.c">
      <Filter>Source Files\libpng</Filter>
    </ClCompile>
    <ClCompile Include="source\libpng\pngtrans.c">
      <Filter>Source Files\libpng</Filter>
    </ClCompile>
    <ClCompile Include="source\libpng\pngwio.c">
      <Filter>Source Files\libpng</Filter>
    </ClCompile>
    <ClCompile Include="source\libpng\pngwrite.c">
      <Filter>Source Files\libpng</Filter>
    </ClCompile>
    <ClCompile Include="source\libpng\pngwtran.c">
      <Filter>Source Files\libpng</Filter>
    </ClCompile>
    <ClCompile Include="source\libpng\pngwutil.c">
      <Filter>Source Files\libpng</Filter>
    </ClCompile>
    <ClCompile Include="source\zlib\adler32.c">
      <Filter>Source Files\zlib</Filter>
    </ClCompile>
    <ClCompile Include="source\zlib\compress.c">
      <Filter>Source Files\zlib</Filter>
    </ClCompile>
    <ClCompile Include="source\zlib\crc32.c">
      <Filter>Source Files\zlib</Filter>
    </ClCompile>
    <ClCompile Include="source\zlib\deflate.c">
      <Filter>Source Files\zlib</Filter>
    </ClCompile>
    <ClCompile Include="source\zlib\gzclose.c">
      <Filter>Source Files\zlib</Filter>
    </ClCompile>
    <ClCompile Include="source\zlib\gzlib.c">
      <Filter>Source Files\zlib</Filter>
    </ClCompile>
    <ClCompile Include="source\zlib\gzread.c">
      <Filter>Source Files\zlib</Filter>
    </ClCompile>
    <ClCompile Include="source\zlib\gzwrite.c">
      <Filter>Source Files\zlib</Filter>
    </ClCompile>
    <ClCompile Include="source\zlib\infback.c">
      <Filter>Source Files\zlib</Filter>
    </ClCompile>
    <ClCompile Include="source\zlib\inffast.c">
      <Filter>Source Files\zlib</Filter>
    </ClCompile>
    <ClCompile Include="source\zlib\inflate.c">
      <Filter>Source Files\zlib</Filter>
    </ClCompile>
    <ClCompile Include="source\zlib\inftrees.c">
      <Filter>Source Files\zlib</Filter>
    </ClCompile>
    <ClCompile Include="source\zlib\minigzip.c">
      <Filter>Source Files\zlib</Filter>
    </ClCompile>
    <ClCompile Include="source\zlib\trees.c">
      <Filter>Source Files\zlib</Filter>
    </ClCompile>
    <ClCompile Include="source\zlib\uncompr.c">
      <Filter>Source Files\zlib</Filter>
    </ClCompile>
    <ClCompile Include="source\zlib\zutil.c">
      <Filter>Source Files\zlib</Filter>
    </ClCompile>
  </ItemGroup>
  <ItemGroup>
    <ClInclude Include="source\libpng\png.h">
      <Filter>Source Files\libpng</Filter>
    </ClInclude>
    <ClInclude Include="source\libpng\pngconf.h">
      <Filter>Source Files\libpng</Filter>
    </ClInclude>
    <ClInclude Include="source\libpng\pngpriv.h">
      <Filter>Source Files\libpng</Filter>
    </ClInclude>
    <ClInclude Include="source\zlib\crc32.h">
      <Filter>Source Files\zlib</Filter>
    </ClInclude>
    <ClInclude Include="source\zlib\deflate.h">
      <Filter>Source Files\zlib</Filter>
    </ClInclude>
    <ClInclude Include="source\zlib\gzguts.h">
      <Filter>Source Files\zlib</Filter>
    </ClInclude>
    <ClInclude Include="source\zlib\inffast.h">
      <Filter>Source Files\zlib</Filter>
    </ClInclude>
    <ClInclude Include="source\zlib\inffixed.h">
      <Filter>Source Files\zlib</Filter>
    </ClInclude>
    <ClInclude Include="source\zlib\inflate.h">
      <Filter>Source Files\zlib</Filter>
    </ClInclude>
    <ClInclude Include="source\zlib\inftrees.h">
      <Filter>Source Files\zlib</Filter>
    </ClInclude>
    <ClInclude Include="source\zlib\trees.h">
      <Filter>Source Files\zlib</Filter>
    </ClInclude>
    <ClInclude Include="source\zlib\zconf.h">
      <Filter>Source Files\zlib</Filter>
    </ClInclude>
    <ClInclude Include="source\zlib\zlib.h">
      <Filter>Source Files\zlib</Filter>
    </ClInclude>
    <ClInclude Include="source\zlib\zutil.h">
      <Filter>Source Files\zlib</Filter>
    </ClInclude>
  </ItemGroup>
</Project>